# THIS IS AN AUTOGENERATED FILE. DO NOT EDIT THIS FILE DIRECTLY.
# yarn lockfile v1


"@cropper/element-canvas@^2.0.0":
  version "2.0.0"
  resolved "https://registry.npmjs.org/@cropper/element-canvas/-/element-canvas-2.0.0.tgz"
  integrity sha512-GPtGJgSm92crJhhhwUsaMw3rz2KfJWWSz7kRAlufFEV/EHTP5+6r6/Z1BCGRna830i+Avqbm435XLOtA7PVJwA==
  dependencies:
    "@cropper/element" "^2.0.0"
    "@cropper/utils" "^2.0.0"

"@cropper/element-crosshair@^2.0.0":
  version "2.0.0"
  resolved "https://registry.npmjs.org/@cropper/element-crosshair/-/element-crosshair-2.0.0.tgz"
  integrity sha512-KfPfyrdeFvUC31Ws7ATtcalWWSaMtrC6bMoCipZhqbUOE7wZoL4ecDSL6BUOZxPa74awZUqfzirCDjHvheBfyw==
  dependencies:
    "@cropper/element" "^2.0.0"
    "@cropper/utils" "^2.0.0"

"@cropper/element-grid@^2.0.0":
  version "2.0.0"
  resolved "https://registry.npmjs.org/@cropper/element-grid/-/element-grid-2.0.0.tgz"
  integrity sha512-i78SQ0IJTLFveKX6P7svkfMYVdgHrQ8ZmmEw8keFy9n1ZVbK+SK0UHK5FNMRNI/gtVhKJOGEnK/zeyjUdj4Iyw==
  dependencies:
    "@cropper/element" "^2.0.0"
    "@cropper/utils" "^2.0.0"

"@cropper/element-handle@^2.0.0":
  version "2.0.0"
  resolved "https://registry.npmjs.org/@cropper/element-handle/-/element-handle-2.0.0.tgz"
  integrity sha512-ZJvW+0MkK9E8xYymGdoruaQn2kwjSHFpNSWinjyq6csuVQiCPxlX5ovAEDldmZ9MWePPtWEi3vLKQOo2Yb0T8g==
  dependencies:
    "@cropper/element" "^2.0.0"
    "@cropper/utils" "^2.0.0"

"@cropper/element-image@^2.0.0":
  version "2.0.0"
  resolved "https://registry.npmjs.org/@cropper/element-image/-/element-image-2.0.0.tgz"
  integrity sha512-9BxiTS/aHRmrjopaFQb9mQQXmx4ruhYHGkDZMVz24AXpMFjUY6OpqrWse/WjzD9tfhMFvEdu17b3VAekcAgpeg==
  dependencies:
    "@cropper/element" "^2.0.0"
    "@cropper/element-canvas" "^2.0.0"
    "@cropper/utils" "^2.0.0"

"@cropper/element-selection@^2.0.0":
  version "2.0.0"
  resolved "https://registry.npmjs.org/@cropper/element-selection/-/element-selection-2.0.0.tgz"
  integrity sha512-ensNnbIfJsJ8bhbJTH/RXtk2URFvTOO4TvfRk461n2FPEC588D7rwBmUJxQg74IiTi4y1JbCI+6j+4LyzYBLCQ==
  dependencies:
    "@cropper/element" "^2.0.0"
    "@cropper/element-canvas" "^2.0.0"
    "@cropper/element-image" "^2.0.0"
    "@cropper/utils" "^2.0.0"

"@cropper/element-shade@^2.0.0":
  version "2.0.0"
  resolved "https://registry.npmjs.org/@cropper/element-shade/-/element-shade-2.0.0.tgz"
  integrity sha512-jv/2bbNZnhU4W+T4G0c8ADocLIZvQFTXgCf2RFDNhI5UVxurzWBnDdb8Mx8LnVplnkTqO+xUmHZYve0CwgWo+Q==
  dependencies:
    "@cropper/element" "^2.0.0"
    "@cropper/element-canvas" "^2.0.0"
    "@cropper/element-selection" "^2.0.0"
    "@cropper/utils" "^2.0.0"

"@cropper/element-viewer@^2.0.0":
  version "2.0.0"
  resolved "https://registry.npmjs.org/@cropper/element-viewer/-/element-viewer-2.0.0.tgz"
  integrity sha512-zY+3VRN5TvpM8twlphYtXw0tzJL2VgzeK7ufhL1BixVqOdRxwP13TprYIhqwGt9EW/SyJZUiaIu396T89kRX8A==
  dependencies:
    "@cropper/element" "^2.0.0"
    "@cropper/element-canvas" "^2.0.0"
    "@cropper/element-image" "^2.0.0"
    "@cropper/element-selection" "^2.0.0"
    "@cropper/utils" "^2.0.0"

"@cropper/element@^2.0.0":
  version "2.0.0"
  resolved "https://registry.npmjs.org/@cropper/element/-/element-2.0.0.tgz"
  integrity sha512-lsthn0nQq73GExUE7Mg/ss6Q3RXADGDv055hxoLFwvl/wGHgy6ZkYlfLZ/VmgBHC6jDK5IgPBFnqrPqlXWSGBA==
  dependencies:
    "@cropper/utils" "^2.0.0"

"@cropper/elements@^2.0.0":
  version "2.0.0"
  resolved "https://registry.npmjs.org/@cropper/elements/-/elements-2.0.0.tgz"
  integrity sha512-PQkPo1nUjxLFUQuHYu+6atfHxpX9B41Xribao6wpvmvmNIFML6LQdNqqWYb6LyM7ujsu71CZdBiMT5oetjJVoQ==
  dependencies:
    "@cropper/element" "^2.0.0"
    "@cropper/element-canvas" "^2.0.0"
    "@cropper/element-crosshair" "^2.0.0"
    "@cropper/element-grid" "^2.0.0"
    "@cropper/element-handle" "^2.0.0"
    "@cropper/element-image" "^2.0.0"
    "@cropper/element-selection" "^2.0.0"
    "@cropper/element-shade" "^2.0.0"
    "@cropper/element-viewer" "^2.0.0"

"@cropper/utils@^2.0.0":
  version "2.0.0"
  resolved "https://registry.npmjs.org/@cropper/utils/-/utils-2.0.0.tgz"
  integrity sha512-cprLYr+7kK3faGgoOsTW9gIn5sefDr2KwOmgyjzIXk+8PLpW8FgFKEg5FoWfRD5zMAmkCBuX6rGKDK3VdUEGrg==

"@esbuild/linux-x64@0.21.5":
  version "0.21.5"
  resolved "https://registry.npmjs.org/@esbuild/linux-x64/-/linux-x64-0.21.5.tgz"
  integrity sha512-1rYdTpyv03iycF1+BhzrzQJCdOuAOtaqHTWJZCWvijKD2N5Xu0TtVC8/+1faWqcP9iBCWOmjmhoH94dH82BxPQ==

"@rollup/rollup-linux-x64-gnu@4.32.0":
  version "4.32.0"
  resolved "https://registry.npmjs.org/@rollup/rollup-linux-x64-gnu/-/rollup-linux-x64-gnu-4.32.0.tgz"
  integrity sha512-VDzNHtLLI5s7xd/VubyS10mq6TxvZBp+4NRWoW+Hi3tgV05RtVm4qK99+dClwTN1McA6PHwob6DEJ6PlXbY83A==

"@rollup/rollup-linux-x64-musl@4.32.0":
  version "4.32.0"
  resolved "https://registry.npmjs.org/@rollup/rollup-linux-x64-musl/-/rollup-linux-x64-musl-4.32.0.tgz"
  integrity sha512-qcb9qYDlkxz9DxJo7SDhWxTWV1gFuwznjbTiov289pASxlfGbaOD54mgbs9+z94VwrXtKTu+2RqwlSTbiOqxGg==

"@types/estree@1.0.6":
  version "1.0.6"
  resolved "https://registry.npmjs.org/@types/estree/-/estree-1.0.6.tgz"
  integrity sha512-AYnb1nQyY49te+VRAVgmzfcgjYS91mY5P0TKUDCLEM+gNnA+3T6rWITXRLYCpahpqSQbN5cE+gHpnPyXjHWxcw==

asynckit@^0.4.0:
  version "0.4.0"
  resolved "https://registry.npmjs.org/asynckit/-/asynckit-0.4.0.tgz"
  integrity sha512-Oei9OH4tRh0YqU3GxhX79dM/mwVgvbZJaSNaRk+bshkj0S5cfHcgYakreBjrHwatXKbz+IoIdYLxrKim2MjW0Q==

axios@^1.6.4:
  version "1.7.9"
  resolved "https://registry.npmjs.org/axios/-/axios-1.7.9.tgz"
  integrity sha512-LhLcE7Hbiryz8oMDdDptSrWowmB4Bl6RCt6sIJKpRB4XtVf0iEgewX3au/pJqm+Py1kCASkb/FFKjxQaLtxJvw==
  dependencies:
    follow-redirects "^1.15.6"
    form-data "^4.0.0"
    proxy-from-env "^1.1.0"

combined-stream@^1.0.8:
  version "1.0.8"
  resolved "https://registry.npmjs.org/combined-stream/-/combined-stream-1.0.8.tgz"
  integrity sha512-FQN4MRfuJeHf7cBbBMJFXhKSDq+2kAArBlmRBvcvFE5BB1HZKXtSFASDhdlz9zOYwxh8lDdnvmMOe/+5cdoEdg==
  dependencies:
    delayed-stream "~1.0.0"

cropperjs@^2.0.0:
  version "2.0.0"
  resolved "https://registry.npmjs.org/cropperjs/-/cropperjs-2.0.0.tgz"
  integrity sha512-TO2j0Qre01kPHbow4FuTrbdEB4jTmGRySxW49jyEIqlJZuEBfrvCTT0vC3eRB2WBXudDfKi1Onako6DKWKxeAQ==
  dependencies:
    "@cropper/elements" "^2.0.0"
    "@cropper/utils" "^2.0.0"

delayed-stream@~1.0.0:
  version "1.0.0"
  resolved "https://registry.npmjs.org/delayed-stream/-/delayed-stream-1.0.0.tgz"
  integrity sha512-ZySD7Nf91aLB0RxL4KGrKHBXl7Eds1DAmEdcoVawXnLD7SDhpNgtuII2aAkg7a7QS41jxPSZ17p4VdGnMHk3MQ==

esbuild@^0.21.3:
  version "0.21.5"
  resolved "https://registry.npmjs.org/esbuild/-/esbuild-0.21.5.tgz"
  integrity sha512-mg3OPMV4hXywwpoDxu3Qda5xCKQi+vCTZq8S9J/EpkhB2HzKXq4SNFZE3+NK93JYxc8VMSep+lOUSC/RVKaBqw==
  optionalDependencies:
    "@esbuild/aix-ppc64" "0.21.5"
    "@esbuild/android-arm" "0.21.5"
    "@esbuild/android-arm64" "0.21.5"
    "@esbuild/android-x64" "0.21.5"
    "@esbuild/darwin-arm64" "0.21.5"
    "@esbuild/darwin-x64" "0.21.5"
    "@esbuild/freebsd-arm64" "0.21.5"
    "@esbuild/freebsd-x64" "0.21.5"
    "@esbuild/linux-arm" "0.21.5"
    "@esbuild/linux-arm64" "0.21.5"
    "@esbuild/linux-ia32" "0.21.5"
    "@esbuild/linux-loong64" "0.21.5"
    "@esbuild/linux-mips64el" "0.21.5"
    "@esbuild/linux-ppc64" "0.21.5"
    "@esbuild/linux-riscv64" "0.21.5"
    "@esbuild/linux-s390x" "0.21.5"
    "@esbuild/linux-x64" "0.21.5"
    "@esbuild/netbsd-x64" "0.21.5"
    "@esbuild/openbsd-x64" "0.21.5"
    "@esbuild/sunos-x64" "0.21.5"
    "@esbuild/win32-arm64" "0.21.5"
    "@esbuild/win32-ia32" "0.21.5"
    "@esbuild/win32-x64" "0.21.5"

follow-redirects@^1.15.6:
  version "1.15.9"
  resolved "https://registry.npmjs.org/follow-redirects/-/follow-redirects-1.15.9.tgz"
  integrity sha512-gew4GsXizNgdoRyqmyfMHyAmXsZDk6mHkSxZFCzW9gwlbtOW44CDtYavM+y+72qD/Vq2l550kMF52DT8fOLJqQ==

form-data@^4.0.0:
  version "4.0.1"
  resolved "https://registry.npmjs.org/form-data/-/form-data-4.0.1.tgz"
  integrity sha512-tzN8e4TX8+kkxGPK8D5u0FNmjPUjw3lwC9lSLxxoB/+GtsJG91CO8bSWy73APlgAZzZbXEYZJuxjkHH2w+Ezhw==
  dependencies:
    asynckit "^0.4.0"
    combined-stream "^1.0.8"
    mime-types "^2.1.12"

husky@^8.0.0:
  version "8.0.3"
  resolved "https://registry.npmjs.org/husky/-/husky-8.0.3.tgz"
  integrity sha512-+dQSyqPh4x1hlO1swXBiNb2HzTDN1I2IGLQx1GrBuiqFJfoMrnZWwVmatvSiO+Iz8fBUnf+lekwNo4c2LlXItg==

laravel-vite-plugin@^1.0.0:
  version "1.2.0"
  resolved "https://registry.npmjs.org/laravel-vite-plugin/-/laravel-vite-plugin-1.2.0.tgz"
  integrity sha512-R0pJ+IcTVeqEMoKz/B2Ij57QVq3sFTABiFmb06gAwFdivbOgsUtuhX6N2MGLEArajrS3U5JbberzwOe7uXHMHQ==
  dependencies:
    picocolors "^1.0.0"
    vite-plugin-full-reload "^1.1.0"

mime-db@1.52.0:
  version "1.52.0"
  resolved "https://registry.npmjs.org/mime-db/-/mime-db-1.52.0.tgz"
  integrity sha512-sPU4uV7dYlvtWJxwwxHD0PuihVNiE7TyAbQ5SWxDCB9mUYvOgroQOwYQQOKPJ8CIbE+1ETVlOoK1UC2nU3gYvg==

mime-types@^2.1.12:
  version "2.1.35"
  resolved "https://registry.npmjs.org/mime-types/-/mime-types-2.1.35.tgz"
  integrity sha512-ZDY+bPm5zTTF+YpCrAU9nK0UgICYPT0QtT1NZWFv4s++TNkcgVaT0g6+4R2uI4MjQjzysHB1zxuWL50hzaeXiw==
  dependencies:
    mime-db "1.52.0"

nanoid@^3.3.8:
  version "3.3.8"
  resolved "https://registry.npmjs.org/nanoid/-/nanoid-3.3.8.tgz"
  integrity sha512-WNLf5Sd8oZxOm+TzppcYk8gVOgP+l58xNy58D0nbUnOxOWRWvlcCV4kUF7ltmI6PsrLl/BgKEyS4mqsGChFN0w==

picocolors@^1.0.0, picocolors@^1.1.1:
  version "1.1.1"
  resolved "https://registry.npmjs.org/picocolors/-/picocolors-1.1.1.tgz"
  integrity sha512-xceH2snhtb5M9liqDsmEw56le376mTZkEX/jEb/RxNFyegNul7eNslCXP9FDj/Lcu0X8KEyMceP2ntpaHrDEVA==

picomatch@^2.3.1:
  version "2.3.1"
  resolved "https://registry.npmjs.org/picomatch/-/picomatch-2.3.1.tgz"
  integrity sha512-JU3teHTNjmE2VCGFzuY8EXzCDVwEqB2a8fsIvwaStHhAWJEeVd1o1QD80CU6+ZdEXXSLbSsuLwJjkCBWqRQUVA==

postcss@^8.4.43:
  version "8.5.1"
  resolved "https://registry.npmjs.org/postcss/-/postcss-8.5.1.tgz"
  integrity sha512-6oz2beyjc5VMn/KV1pPw8fliQkhBXrVn1Z3TVyqZxU8kZpzEKhBdmCFqI6ZbmGtamQvQGuU1sgPTk8ZrXDD7jQ==
  dependencies:
    nanoid "^3.3.8"
    picocolors "^1.1.1"
    source-map-js "^1.2.1"

proxy-from-env@^1.1.0:
  version "1.1.0"
  resolved "https://registry.npmjs.org/proxy-from-env/-/proxy-from-env-1.1.0.tgz"
  integrity sha512-D+zkORCbA9f1tdWRK0RaCR3GPv50cMxcrz4X8k5LTSUD1Dkw47mKJEZQNunItRTkWwgtaUSo1RVFRIG9ZXiFYg==

rollup@^4.20.0:
  version "4.32.0"
  resolved "https://registry.npmjs.org/rollup/-/rollup-4.32.0.tgz"
  integrity sha512-JmrhfQR31Q4AuNBjjAX4s+a/Pu/Q8Q9iwjWBsjRH1q52SPFE2NqRMK6fUZKKnvKO6id+h7JIRf0oYsph53eATg==
  dependencies:
    "@types/estree" "1.0.6"
  optionalDependencies:
    "@rollup/rollup-android-arm-eabi" "4.32.0"
    "@rollup/rollup-android-arm64" "4.32.0"
    "@rollup/rollup-darwin-arm64" "4.32.0"
    "@rollup/rollup-darwin-x64" "4.32.0"
    "@rollup/rollup-freebsd-arm64" "4.32.0"
    "@rollup/rollup-freebsd-x64" "4.32.0"
    "@rollup/rollup-linux-arm-gnueabihf" "4.32.0"
    "@rollup/rollup-linux-arm-musleabihf" "4.32.0"
    "@rollup/rollup-linux-arm64-gnu" "4.32.0"
    "@rollup/rollup-linux-arm64-musl" "4.32.0"
    "@rollup/rollup-linux-loongarch64-gnu" "4.32.0"
    "@rollup/rollup-linux-powerpc64le-gnu" "4.32.0"
    "@rollup/rollup-linux-riscv64-gnu" "4.32.0"
    "@rollup/rollup-linux-s390x-gnu" "4.32.0"
    "@rollup/rollup-linux-x64-gnu" "4.32.0"
    "@rollup/rollup-linux-x64-musl" "4.32.0"
    "@rollup/rollup-win32-arm64-msvc" "4.32.0"
    "@rollup/rollup-win32-ia32-msvc" "4.32.0"
    "@rollup/rollup-win32-x64-msvc" "4.32.0"
    fsevents "~2.3.2"

source-map-js@^1.2.1:
  version "1.2.1"
  resolved "https://registry.npmjs.org/source-map-js/-/source-map-js-1.2.1.tgz"
  integrity sha512-UXWMKhLOwVKb728IUtQPXxfYU+usdybtUrK/8uGE8CQMvrhOpwvzDBwj0QhSL7MQc7vIsISBG8VQ8+IDQxpfQA==

vite-plugin-full-reload@^1.1.0:
  version "1.2.0"
  resolved "https://registry.npmjs.org/vite-plugin-full-reload/-/vite-plugin-full-reload-1.2.0.tgz"
  integrity sha512-kz18NW79x0IHbxRSHm0jttP4zoO9P9gXh+n6UTwlNKnviTTEpOlum6oS9SmecrTtSr+muHEn5TUuC75UovQzcA==
  dependencies:
    picocolors "^1.0.0"
    picomatch "^2.3.1"

vite@^5.0.0, "vite@^5.0.0 || ^6.0.0":
  version "5.4.14"
  resolved "https://registry.npmjs.org/vite/-/vite-5.4.14.tgz"
  integrity sha512-EK5cY7Q1D8JNhSaPKVK4pwBFvaTmZxEnoKXLG/U9gmdDcihQGNzFlgIvaxezFR4glP1LsuiedwMBqCXH3wZccA==
  dependencies:
    esbuild "^0.21.3"
    postcss "^8.4.43"
    rollup "^4.20.0"
  optionalDependencies:
    fsevents "~2.3.3"
